// !$*UTF8*$!
{
	archiveVersion = 1;
	classes = {
	};
	objectVersion = 46;
	objects = {

/* Begin PBXBuildFile section */
		BFFC7FFA1CCE5CC400E780CE /* AppDelegate.swift in Sources */ = {isa = PBXBuildFile; fileRef = BFFC7FF91CCE5CC400E780CE /* AppDelegate.swift */; };
		BFFC7FFC1CCE5CC400E780CE /* ViewController.swift in Sources */ = {isa = PBXBuildFile; fileRef = BFFC7FFB1CCE5CC400E780CE /* ViewController.swift */; };
		BFFC7FFF1CCE5CC400E780CE /* Main.storyboard in Resources */ = {isa = PBXBuildFile; fileRef = BFFC7FFD1CCE5CC400E780CE /* Main.storyboard */; };
		BFFC80011CCE5CC400E780CE /* Assets.xcassets in Resources */ = {isa = PBXBuildFile; fileRef = BFFC80001CCE5CC400E780CE /* Assets.xcassets */; };
		BFFC80041CCE5CC400E780CE /* LaunchScreen.storyboard in Resources */ = {isa = PBXBuildFile; fileRef = BFFC80021CCE5CC400E780CE /* LaunchScreen.storyboard */; };
		BFFC800F1CCE5CC400E780CE /* RPGOOPTests.swift in Sources */ = {isa = PBXBuildFile; fileRef = BFFC800E1CCE5CC400E780CE /* RPGOOPTests.swift */; };
		BFFC801A1CCE5CC400E780CE /* RPGOOPUITests.swift in Sources */ = {isa = PBXBuildFile; fileRef = BFFC80191CCE5CC400E780CE /* RPGOOPUITests.swift */; };
/* End PBXBuildFile section */

/* Begin PBXContainerItemProxy section */
		BFFC800B1CCE5CC400E780CE /* PBXContainerItemProxy */ = {
			isa = PBXContainerItemProxy;
			containerPortal = BFFC7FEE1CCE5CC400E780CE /* Project object */;
			proxyType = 1;
			remoteGlobalIDString = BFFC7FF51CCE5CC400E780CE;
			remoteInfo = RPGOOP;
		};
		BFFC80161CCE5CC400E780CE /* PBXContainerItemProxy */ = {
			isa = PBXContainerItemProxy;
			containerPortal = BFFC7FEE1CCE5CC400E780CE /* Project object */;
			proxyType = 1;
			remoteGlobalIDString = BFFC7FF51CCE5CC400E780CE;
			remoteInfo = RPGOOP;
		};
/* End PBXContainerItemProxy section */

/* Begin PBXFileReference section */
		BFFC7FF61CCE5CC400E780CE /* RPGOOP.app */ = {isa = PBXFileReference; explicitFileType = wrapper.application; includeInIndex = 0; path = RPGOOP.app; sourceTree = BUILT_PRODUCTS_DIR; };
		BFFC7FF91CCE5CC400E780CE /* AppDelegate.swift */ = {isa = PBXFileReference; lastKnownFileType = sourcecode.swift; path = AppDelegate.swift; sourceTree = "<group>"; };
		BFFC7FFB1CCE5CC400E780CE /* ViewController.swift */ = {isa = PBXFileReference; lastKnownFileType = sourcecode.swift; path = ViewController.swift; sourceTree = "<group>"; };
		BFFC7FFE1CCE5CC400E780CE /* Base */ = {isa = PBXFileReference; lastKnownFileType = file.storyboard; name = Base; path = Base.lproj/Main.storyboard; sourceTree = "<group>"; };
		BFFC80001CCE5CC400E780CE /* Assets.xcassets */ = {isa = PBXFileReference; lastKnownFileType = folder.assetcatalog; path = Assets.xcassets; sourceTree = "<group>"; };
		BFFC80031CCE5CC400E780CE /* Base */ = {isa = PBXFileReference; lastKnownFileType = file.storyboard; name = Base; path = Base.lproj/LaunchScreen.storyboard; sourceTree = "<group>"; };
		BFFC80051CCE5CC400E780CE /* Info.plist */ = {isa = PBXFileReference; lastKnownFileType = text.plist.xml; path = Info.plist; sourceTree = "<group>"; };
		BFFC800A1CCE5CC400E780CE /* RPGOOPTests.xctest */ = {isa = PBXFileReference; explicitFileType = wrapper.cfbundle; includeInIndex = 0; path = RPGOOPTests.xctest; sourceTree = BUILT_PRODUCTS_DIR; };
		BFFC800E1CCE5CC400E780CE /* RPGOOPTests.swift */ = {isa = PBXFileReference; lastKnownFileType = sourcecode.swift; path = RPGOOPTests.swift; sourceTree = "<group>"; };
		BFFC80101CCE5CC400E780CE /* Info.plist */ = {isa = PBXFileReference; lastKnownFileType = text.plist.xml; path = Info.plist; sourceTree = "<group>"; };
		BFFC80151CCE5CC400E780CE /* RPGOOPUITests.xctest */ = {isa = PBXFileReference; explicitFileType = wrapper.cfbundle; includeInIndex = 0; path = RPGOOPUITests.xctest; sourceTree = BUILT_PRODUCTS_DIR; };
		BFFC80191CCE5CC400E780CE /* RPGOOPUITests.swift */ = {isa = PBXFileReference; lastKnownFileType = sourcecode.swift; path = RPGOOPUITests.swift; sourceTree = "<group>"; };
		BFFC801B1CCE5CC400E780CE /* Info.plist */ = {isa = PBXFileReference; lastKnownFileType = text.plist.xml; path = Info.plist; sourceTree = "<group>"; };
/* End PBXFileReference section */

/* Begin PBXFrameworksBuildPhase section */
		BFFC7FF31CCE5CC400E780CE /* Frameworks */ = {
			isa = PBXFrameworksBuildPhase;
			buildActionMask = 2147483647;
			files = (
			);
			runOnlyForDeploymentPostprocessing = 0;
		};
		BFFC80071CCE5CC400E780CE /* Frameworks */ = {
			isa = PBXFrameworksBuildPhase;
			buildActionMask = 2147483647;
			files = (
			);
			runOnlyForDeploymentPostprocessing = 0;
		};
		BFFC80121CCE5CC400E780CE /* Frameworks */ = {
			isa = PBXFrameworksBuildPhase;
			buildActionMask = 2147483647;
			files = (
			);
			runOnlyForDeploymentPostprocessing = 0;
		};
/* End PBXFrameworksBuildPhase section */

/* Begin PBXGroup section */
		BFFC7FED1CCE5CC400E780CE = {
			isa = PBXGroup;
			children = (
				BFFC7FF81CCE5CC400E780CE /* RPGOOP */,
				BFFC800D1CCE5CC400E780CE /* RPGOOPTests */,
				BFFC80181CCE5CC400E780CE /* RPGOOPUITests */,
				BFFC7FF71CCE5CC400E780CE /* Products */,
			);
			sourceTree = "<group>";
		};
		BFFC7FF71CCE5CC400E780CE /* Products */ = {
			isa = PBXGroup;
			children = (
				BFFC7FF61CCE5CC400E780CE /* RPGOOP.app */,
				BFFC800A1CCE5CC400E780CE /* RPGOOPTests.xctest */,
				BFFC80151CCE5CC400E780CE /* RPGOOPUITests.xctest */,
			);
			name = Products;
			sourceTree = "<group>";
		};
		BFFC7FF81CCE5CC400E780CE /* RPGOOP */ = {
			isa = PBXGroup;
			children = (
				BFFC7FF91CCE5CC400E780CE /* AppDelegate.swift */,
				BFFC7FFB1CCE5CC400E780CE /* ViewController.swift */,
				BFFC7FFD1CCE5CC400E780CE /* Main.storyboard */,
				BFFC80001CCE5CC400E780CE /* Assets.xcassets */,
				BFFC80021CCE5CC400E780CE /* LaunchScreen.storyboard */,
				BFFC80051CCE5CC400E780CE /* Info.plist */,
			);
			path = RPGOOP;
			sourceTree = "<group>";
		};
		BFFC800D1CCE5CC400E780CE /* RPGOOPTests */ = {
			isa = PBXGroup;
			children = (
				BFFC800E1CCE5CC400E780CE /* RPGOOPTests.swift */,
				BFFC80101CCE5CC400E780CE /* Info.plist */,
			);
			path = RPGOOPTests;
			sourceTree = "<group>";
		};
		BFFC80181CCE5CC400E780CE /* RPGOOPUITests */ = {
			isa = PBXGroup;
			children = (
				BFFC80191CCE5CC400E780CE /* RPGOOPUITests.swift */,
				BFFC801B1CCE5CC400E780CE /* Info.plist */,
			);
			path = RPGOOPUITests;
			sourceTree = "<group>";
		};
/* End PBXGroup section */

/* Begin PBXNativeTarget section */
		BFFC7FF51CCE5CC400E780CE /* RPGOOP */ = {
			isa = PBXNativeTarget;
			buildConfigurationList = BFFC801E1CCE5CC400E780CE /* Build configuration list for PBXNativeTarget "RPGOOP" */;
			buildPhases = (
				BFFC7FF21CCE5CC400E780CE /* Sources */,
				BFFC7FF31CCE5CC400E780CE /* Frameworks */,
				BFFC7FF41CCE5CC400E780CE /* Resources */,
			);
			buildRules = (
			);
			dependencies = (
			);
			name = RPGOOP;
			productName = RPGOOP;
			productReference = BFFC7FF61CCE5CC400E780CE /* RPGOOP.app */;
			productType = "com.apple.product-type.application";
		};
		BFFC80091CCE5CC400E780CE /* RPGOOPTests */ = {
			isa = PBXNativeTarget;
			buildConfigurationList = BFFC80211CCE5CC400E780CE /* Build configuration list for PBXNativeTarget "RPGOOPTests" */;
			buildPhases = (
				BFFC80061CCE5CC400E780CE /* Sources */,
				BFFC80071CCE5CC400E780CE /* Frameworks */,
				BFFC80081CCE5CC400E780CE /* Resources */,
			);
			buildRules = (
			);
			dependencies = (
				BFFC800C1CCE5CC400E780CE /* PBXTargetDependency */,
			);
			name = RPGOOPTests;
			productName = RPGOOPTests;
			productReference = BFFC800A1CCE5CC400E780CE /* RPGOOPTests.xctest */;
			productType = "com.apple.product-type.bundle.unit-test";
		};
		BFFC80141CCE5CC400E780CE /* RPGOOPUITests */ = {
			isa = PBXNativeTarget;
			buildConfigurationList = BFFC80241CCE5CC400E780CE /* Build configuration list for PBXNativeTarget "RPGOOPUITests" */;
			buildPhases = (
				BFFC80111CCE5CC400E780CE /* Sources */,
				BFFC80121CCE5CC400E780CE /* Frameworks */,
				BFFC80131CCE5CC400E780CE /* Resources */,
			);
			buildRules = (
			);
			dependencies = (
				BFFC80171CCE5CC400E780CE /* PBXTargetDependency */,
			);
			name = RPGOOPUITests;
			productName = RPGOOPUITests;
			productReference = BFFC80151CCE5CC400E780CE /* RPGOOPUITests.xctest */;
			productType = "com.apple.product-type.bundle.ui-testing";
		};
/* End PBXNativeTarget section */

/* Begin PBXProject section */
		BFFC7FEE1CCE5CC400E780CE /* Project object */ = {
			isa = PBXProject;
			attributes = {
				LastSwiftUpdateCheck = 0730;
				LastUpgradeCheck = 0730;
				ORGANIZATIONNAME = Gimmecode;
				TargetAttributes = {
					BFFC7FF51CCE5CC400E780CE = {
						CreatedOnToolsVersion = 7.3;
					};
					BFFC80091CCE5CC400E780CE = {
						CreatedOnToolsVersion = 7.3;
						TestTargetID = BFFC7FF51CCE5CC400E780CE;
					};
					BFFC80141CCE5CC400E780CE = {
						CreatedOnToolsVersion = 7.3;
						TestTargetID = BFFC7FF51CCE5CC400E780CE;
					};
				};
			};
			buildConfigurationList = BFFC7FF11CCE5CC400E780CE /* Build configuration list for PBXProject "RPGOOP" */;
			compatibilityVersion = "Xcode 3.2";
			developmentRegion = English;
			hasScannedForEncodings = 0;
			knownRegions = (
				en,
				Base,
			);
			mainGroup = BFFC7FED1CCE5CC400E780CE;
			productRefGroup = BFFC7FF71CCE5CC400E780CE /* Products */;
			projectDirPath = "";
			projectRoot = "";
			targets = (
				BFFC7FF51CCE5CC400E780CE /* RPGOOP */,
				BFFC80091CCE5CC400E780CE /* RPGOOPTests */,
				BFFC80141CCE5CC400E780CE /* RPGOOPUITests */,
			);
		};
/* End PBXProject section */

/* Begin PBXResourcesBuildPhase section */
		BFFC7FF41CCE5CC400E780CE /* Resources */ = {
			isa = PBXResourcesBuildPhase;
			buildActionMask = 2147483647;
			files = (
				BFFC80041CCE5CC400E780CE /* LaunchScreen.storyboard in Resources */,
				BFFC80011CCE5CC400E780CE /* Assets.xcassets in Resources */,
				BFFC7FFF1CCE5CC400E780CE /* Main.storyboard in Resources */,
			);
			runOnlyForDeploymentPostprocessing = 0;
		};
		BFFC80081CCE5CC400E780CE /* Resources */ = {
			isa = PBXResourcesBuildPhase;
			buildActionMask = 2147483647;
			files = (
			);
			runOnlyForDeploymentPostprocessing = 0;
		};
		BFFC80131CCE5CC400E780CE /* Resources */ = {
			isa = PBXResourcesBuildPhase;
			buildActionMask = 2147483647;
			files = (
			);
			runOnlyForDeploymentPostprocessing = 0;
		};
/* End PBXResourcesBuildPhase section */

/* Begin PBXSourcesBuildPhase section */
		BFFC7FF21CCE5CC400E780CE /* Sources */ = {
			isa = PBXSourcesBuildPhase;
			buildActionMask = 2147483647;
			files = (
				BFFC7FFC1CCE5CC400E780CE /* ViewController.swift in Sources */,
				BFFC7FFA1CCE5CC400E780CE /* AppDelegate.swift in Sources */,
			);
			runOnlyForDeploymentPostprocessing = 0;
		};
		BFFC80061CCE5CC400E780CE /* Sources */ = {
			isa = PBXSourcesBuildPhase;
			buildActionMask = 2147483647;
			files = (
				BFFC800F1CCE5CC400E780CE /* RPGOOPTests.swift in Sources */,
			);
			runOnlyForDeploymentPostprocessing = 0;
		};
		BFFC80111CCE5CC400E780CE /* Sources */ = {
			isa = PBXSourcesBuildPhase;
			buildActionMask = 2147483647;
			files = (
				BFFC801A1CCE5CC400E780CE /* RPGOOPUITests.swift in Sources */,
			);
			runOnlyForDeploymentPostprocessing = 0;
		};
/* End PBXSourcesBuildPhase section */

/* Begin PBXTargetDependency section */
		BFFC800C1CCE5CC400E780CE /* PBXTargetDependency */ = {
			isa = PBXTargetDependency;
			target = BFFC7FF51CCE5CC400E780CE /* RPGOOP */;
			targetProxy = BFFC800B1CCE5CC400E780CE /* PBXContainerItemProxy */;
		};
		BFFC80171CCE5CC400E780CE /* PBXTargetDependency */ = {
			isa = PBXTargetDependency;
			target = BFFC7FF51CCE5CC400E780CE /* RPGOOP */;
			targetProxy = BFFC80161CCE5CC400E780CE /* PBXContainerItemProxy */;
		};
/* End PBXTargetDependency section */

/* Begin PBXVariantGroup section */
		BFFC7FFD1CCE5CC400E780CE /* Main.storyboard */ = {
			isa = PBXVariantGroup;
			children = (
				BFFC7FFE1CCE5CC400E780CE /* Base */,
			);
			name = Main.storyboard;
			sourceTree = "<group>";
		};
		BFFC80021CCE5CC400E780CE /* LaunchScreen.storyboard */ = {
			isa = PBXVariantGroup;
			children = (
				BFFC80031CCE5CC400E780CE /* Base */,
			);
			name = LaunchScreen.storyboard;
			sourceTree = "<group>";
		};
/* End PBXVariantGroup section */

/* Begin XCBuildConfiguration section */
		BFFC801C1CCE5CC400E780CE /* Debug */ = {
			isa = XCBuildConfiguration;
			buildSettings = {
				ALWAYS_SEARCH_USER_PATHS = NO;
				CLANG_ANALYZER_NONNULL = YES;
				CLANG_CXX_LANGUAGE_STANDARD = "gnu++0x";
				CLANG_CXX_LIBRARY = "libc++";
				CLANG_ENABLE_MODULES = YES;
				CLANG_ENABLE_OBJC_ARC = YES;
				CLANG_WARN_BOOL_CONVERSION = YES;
				CLANG_WARN_CONSTANT_CONVERSION = YES;
				CLANG_WARN_DIRECT_OBJC_ISA_USAGE = YES_ERROR;
				CLANG_WARN_EMPTY_BODY = YES;
				CLANG_WARN_ENUM_CONVERSION = YES;
				CLANG_WARN_INT_CONVERSION = YES;
				CLANG_WARN_OBJC_ROOT_CLASS = YES_ERROR;
				CLANG_WARN_UNREACHABLE_CODE = YES;
				CLANG_WARN__DUPLICATE_METHOD_MATCH = YES;
				"CODE_SIGN_IDENTITY[sdk=iphoneos*]" = "iPhone Developer";
				COPY_PHASE_STRIP = NO;
				DEBUG_INFORMATION_FORMAT = dwarf;
				ENABLE_STRICT_OBJC_MSGSEND = YES;
				ENABLE_TESTABILITY = YES;
				GCC_C_LANGUAGE_STANDARD = gnu99;
				GCC_DYNAMIC_NO_PIC = NO;
				GCC_NO_COMMON_BLOCKS = YES;
				GCC_OPTIMIZATION_LEVEL = 0;
				GCC_PREPROCESSOR_DEFINITIONS = (
					"DEBUG=1",
					"$(inherited)",
				);
				GCC_WARN_64_TO_32_BIT_CONVERSION = YES;
				GCC_WARN_ABOUT_RETURN_TYPE = YES_ERROR;
				GCC_WARN_UNDECLARED_SELECTOR = YES;
				GCC_WARN_UNINITIALIZED_AUTOS = YES_AGGRESSIVE;
				GCC_WARN_UNUSED_FUNCTION = YES;
				GCC_WARN_UNUSED_VARIABLE = YES;
				IPHONEOS_DEPLOYMENT_TARGET = 9.3;
				MTL_ENABLE_DEBUG_INFO = YES;
				ONLY_ACTIVE_ARCH = YES;
				SDKROOT = iphoneos;
				SWIFT_OPTIMIZATION_LEVEL = "-Onone";
				TARGETED_DEVICE_FAMILY = "1,2";
			};
			name = Debug;
		};
		BFFC801D1CCE5CC400E780CE /* Release */ = {
			isa = XCBuildConfiguration;
			buildSettings = {
				ALWAYS_SEARCH_USER_PATHS = NO;
				CLANG_ANALYZER_NONNULL = YES;
				CLANG_CXX_LANGUAGE_STANDARD = "gnu++0x";
				CLANG_CXX_LIBRARY = "libc++";
				CLANG_ENABLE_MODULES = YES;
				CLANG_ENABLE_OBJC_ARC = YES;
				CLANG_WARN_BOOL_CONVERSION = YES;
				CLANG_WARN_CONSTANT_CONVERSION = YES;
				CLANG_WARN_DIRECT_OBJC_ISA_USAGE = YES_ERROR;
				CLANG_WARN_EMPTY_BODY = YES;
				CLANG_WARN_ENUM_CONVERSION = YES;
				CLANG_WARN_INT_CONVERSION = YES;
				CLANG_WARN_OBJC_ROOT_CLASS = YES_ERROR;
				CLANG_WARN_UNREACHABLE_CODE = YES;
				CLANG_WARN__DUPLICATE_METHOD_MATCH = YES;
				"CODE_SIGN_IDENTITY[sdk=iphoneos*]" = "iPhone Developer";
				COPY_PHASE_STRIP = NO;
				DEBUG_INFORMATION_FORMAT = "dwarf-with-dsym";
				ENABLE_NS_ASSERTIONS = NO;
				ENABLE_STRICT_OBJC_MSGSEND = YES;
				GCC_C_LANGUAGE_STANDARD = gnu99;
				GCC_NO_COMMON_BLOCKS = YES;
				GCC_WARN_64_TO_32_BIT_CONVERSION = YES;
				GCC_WARN_ABOUT_RETURN_TYPE = YES_ERROR;
				GCC_WARN_UNDECLARED_SELECTOR = YES;
				GCC_WARN_UNINITIALIZED_AUTOS = YES_AGGRESSIVE;
				GCC_WARN_UNUSED_FUNCTION = YES;
				GCC_WARN_UNUSED_VARIABLE = YES;
				IPHONEOS_DEPLOYMENT_TARGET = 9.3;
				MTL_ENABLE_DEBUG_INFO = NO;
				SDKROOT = iphoneos;
				TARGETED_DEVICE_FAMILY = "1,2";
				VALIDATE_PRODUCT = YES;
			};
			name = Release;
		};
		BFFC801F1CCE5CC400E780CE /* Debug */ = {
			isa = XCBuildConfiguration;
			buildSettings = {
				ASSETCATALOG_COMPILER_APPICON_NAME = AppIcon;
				INFOPLIST_FILE = RPGOOP/Info.plist;
				LD_RUNPATH_SEARCH_PATHS = "$(inherited) @executable_path/Frameworks";
				PRODUCT_BUNDLE_IDENTIFIER = com.gimmecode.RPGOOP;
				PRODUCT_NAME = "$(TARGET_NAME)";
			};
			name = Debug;
		};
		BFFC80201CCE5CC400E780CE /* Release */ = {
			isa = XCBuildConfiguration;
			buildSettings = {
				ASSETCATALOG_COMPILER_APPICON_NAME = AppIcon;
				INFOPLIST_FILE = RPGOOP/Info.plist;
				LD_RUNPATH_SEARCH_PATHS = "$(inherited) @executable_path/Frameworks";
				PRODUCT_BUNDLE_IDENTIFIER = com.gimmecode.RPGOOP;
				PRODUCT_NAME = "$(TARGET_NAME)";
			};
			name = Release;
		};
		BFFC80221CCE5CC400E780CE /* Debug */ = {
			isa = XCBuildConfiguration;
			buildSettings = {
				BUNDLE_LOADER = "$(TEST_HOST)";
				INFOPLIST_FILE = RPGOOPTests/Info.plist;
				LD_RUNPATH_SEARCH_PATHS = "$(inherited) @executable_path/Frameworks @loader_path/Frameworks";
				PRODUCT_BUNDLE_IDENTIFIER = com.gimmecode.RPGOOPTests;
				PRODUCT_NAME = "$(TARGET_NAME)";
				TEST_HOST = "$(BUILT_PRODUCTS_DIR)/RPGOOP.app/RPGOOP";
			};
			name = Debug;
		};
		BFFC80231CCE5CC400E780CE /* Release */ = {
			isa = XCBuildConfiguration;
			buildSettings = {
				BUNDLE_LOADER = "$(TEST_HOST)";
				INFOPLIST_FILE = RPGOOPTests/Info.plist;
				LD_RUNPATH_SEARCH_PATHS = "$(inherited) @executable_path/Frameworks @loader_path/Frameworks";
				PRODUCT_BUNDLE_IDENTIFIER = com.gimmecode.RPGOOPTests;
				PRODUCT_NAME = "$(TARGET_NAME)";
				TEST_HOST = "$(BUILT_PRODUCTS_DIR)/RPGOOP.app/RPGOOP";
			};
			name = Release;
		};
		BFFC80251CCE5CC400E780CE /* Debug */ = {
			isa = XCBuildConfiguration;
			buildSettings = {
				INFOPLIST_FILE = RPGOOPUITests/Info.plist;
				LD_RUNPATH_SEARCH_PATHS = "$(inherited) @executable_path/Frameworks @loader_path/Frameworks";
				PRODUCT_BUNDLE_IDENTIFIER = com.gimmecode.RPGOOPUITests;
				PRODUCT_NAME = "$(TARGET_NAME)";
				TEST_TARGET_NAME = RPGOOP;
			};
			name = Debug;
		};
		BFFC80261CCE5CC400E780CE /* Release */ = {
			isa = XCBuildConfiguration;
			buildSettings = {
				INFOPLIST_FILE = RPGOOPUITests/Info.plist;
				LD_RUNPATH_SEARCH_PATHS = "$(inherited) @executable_path/Frameworks @loader_path/Frameworks";
				PRODUCT_BUNDLE_IDENTIFIER = com.gimmecode.RPGOOPUITests;
				PRODUCT_NAME = "$(TARGET_NAME)";
				TEST_TARGET_NAME = RPGOOP;
			};
			name = Release;
		};
/* End XCBuildConfiguration section */

/* Begin XCConfigurationList section */
		BFFC7FF11CCE5CC400E780CE /* Build configuration list for PBXProject "RPGOOP" */ = {
			isa = XCConfigurationList;
			buildConfigurations = (
				BFFC801C1CCE5CC400E780CE /* Debug */,
				BFFC801D1CCE5CC400E780CE /* Release */,
			);
			defaultConfigurationIsVisible = 0;
			defaultConfigurationName = Release;
		};
		BFFC801E1CCE5CC400E780CE /* Build configuration list for PBXNativeTarget "RPGOOP" */ = {
			isa = XCConfigurationList;
			buildConfigurations = (
				BFFC801F1CCE5CC400E780CE /* Debug */,
				BFFC80201CCE5CC400E780CE /* Release */,
			);
			defaultConfigurationIsVisible = 0;
		};
		BFFC80211CCE5CC400E780CE /* Build configuration list for PBXNativeTarget "RPGOOPTests" */ = {
			isa = XCConfigurationList;
			buildConfigurations = (
				BFFC80221CCE5CC400E780CE /* Debug */,
				BFFC80231CCE5CC400E780CE /* Release */,
			);
			defaultConfigurationIsVisible = 0;
		};
		BFFC80241CCE5CC400E780CE /* Build configuration list for PBXNativeTarget "RPGOOPUITests" */ = {
			isa = XCConfigurationList;
			buildConfigurations = (
				BFFC80251CCE5CC400E780CE /* Debug */,
				BFFC80261CCE5CC400E780CE /* Release */,
			);
			defaultConfigurationIsVisible = 0;
		};
/* End XCConfigurationList section */
	};
	rootObject = BFFC7FEE1CCE5CC400E780CE /* Project object */;
}
